
Microsoft Visual Studio Solution File, Format Version 12.00
# Visual Studio Version 17
VisualStudioVersion = 17.3.32901.215
MinimumVisualStudioVersion = 10.0.40219.1
Project("{FAE04EC0-301F-11D3-BF4B-00C04F79EFBC}") = "ColdWeaponStore", "ColdWeaponStore\ColdWeaponStore.csproj", "{D1D6B1E0-B496-45C9-AE8C-F2CC5F772F51}"
EndProject
Global
	GlobalSection(SolutionConfigurationPlatforms) = preSolution
		Debug|Any CPU = Debug|Any CPU
		Release|Any CPU = Release|Any CPU
	EndGlobalSection
	GlobalSection(ProjectConfigurationPlatforms) = postSolution
		{D1D6B1E0-B496-45C9-AE8C-F2CC5F772F51}.Debug|Any CPU.ActiveCfg = Debug|Any CPU
		{D1D6B1E0-B496-45C9-AE8C-F2CC5F772F51}.Debug|Any CPU.Build.0 = Debug|Any CPU
		{D1D6B1E0-B496-45C9-AE8C-F2CC5F772F51}.Release|Any CPU.ActiveCfg = Release|Any CPU
		{D1D6B1E0-B496-45C9-AE8C-F2CC5F772F51}.Release|Any CPU.Build.0 = Release|Any CPU
	EndGlobalSection
	GlobalSection(SolutionProperties) = preSolution
		HideSolutionNode = FALSE
	EndGlobalSection
	GlobalSection(ExtensibilityGlobals) = postSolution
		SolutionGuid = {14C0FB65-16F3-40E2-9672-9E07F3839551}
	EndGlobalSection
EndGlobal
